{
  "name": "honkbot",
  "version": "1.0.0",
  "lockfileVersion": 1,
  "requires": true,
  "dependencies": {
    "@types/caseless": {
      "version": "0.12.1",
      "resolved": "https://registry.npmjs.org/@types/caseless/-/caseless-0.12.1.tgz",
      "integrity": "sha512-FhlMa34NHp9K5MY1Uz8yb+ZvuX0pnvn3jScRSNAb75KHGB8d3rEU6hqMs3Z2vjuytcMfRg6c5CHMc3wtYyD2/A=="
    },
    "@types/events": {
      "version": "1.2.0",
      "resolved": "http://registry.npmjs.org/@types/events/-/events-1.2.0.tgz",
      "integrity": "sha512-KEIlhXnIutzKwRbQkGWb/I4HFqBuUykAdHgDED6xqwXJfONCjF5VoE0cXEiurh3XauygxzeDzgtXUqvLkxFzzA=="
    },
    "@types/form-data": {
      "version": "2.2.1",
      "resolved": "https://registry.npmjs.org/@types/form-data/-/form-data-2.2.1.tgz",
      "integrity": "sha512-JAMFhOaHIciYVh8fb5/83nmuO/AHwmto+Hq7a9y8FzLDcC1KCU344XDOMEmahnrTFlHjgh4L0WJFczNIX2GxnQ==",
      "requires": {
        "@types/node": "*"
      }
    },
    "@types/node": {
      "version": "10.12.11",
      "resolved": "https://registry.npmjs.org/@types/node/-/node-10.12.11.tgz",
      "integrity": "sha512-3iIOhNiPGTdcUNVCv9e5G7GotfvJJe2pc9w2UgDXlUwnxSZ3RgcUocIU+xYm+rTU54jIKih998QE4dMOyMN1NQ=="
    },
    "@types/request": {
      "version": "2.48.1",
      "resolved": "https://registry.npmjs.org/@types/request/-/request-2.48.1.tgz",
      "integrity": "sha512-ZgEZ1TiD+KGA9LiAAPPJL68Id2UWfeSO62ijSXZjFJArVV+2pKcsVHmrcu+1oiE3q6eDGiFiSolRc4JHoerBBg==",
      "requires": {
        "@types/caseless": "*",
        "@types/form-data": "*",
        "@types/node": "*",
        "@types/tough-cookie": "*"
      }
    },
    "@types/tough-cookie": {
      "version": "2.3.4",
      "resolved": "https://registry.npmjs.org/@types/tough-cookie/-/tough-cookie-2.3.4.tgz",
      "integrity": "sha512-Set5ZdrAaKI/qHdFlVMgm/GsAv/wkXhSTuZFkJ+JI7HK+wIkIlOaUXSXieIvJ0+OvGIqtREFoE+NHJtEq0gtEw=="
    },
    "@types/ws": {
      "version": "5.1.2",
      "resolved": "https://registry.npmjs.org/@types/ws/-/ws-5.1.2.tgz",
      "integrity": "sha512-NkTXUKTYdXdnPE2aUUbGOXE1XfMK527SCvU/9bj86kyFF6kZ9ZnOQ3mK5jADn98Y2vEUD/7wKDgZa7Qst2wYOg==",
      "requires": {
        "@types/events": "*",
        "@types/node": "*"
      }
    },
    "array-index": {
      "version": "1.0.0",
      "resolved": "https://registry.npmjs.org/array-index/-/array-index-1.0.0.tgz",
      "integrity": "sha1-7FanSe4QPk4Ix5C5w1PfFgVbl/k=",
      "requires": {
        "debug": "^2.2.0",
        "es6-symbol": "^3.0.2"
      }
    },
    "babel-runtime": {
      "version": "6.26.0",
      "resolved": "https://registry.npmjs.org/babel-runtime/-/babel-runtime-6.26.0.tgz",
      "integrity": "sha1-llxwWGaOgrVde/4E/yM3vItWR/4=",
      "requires": {
        "core-js": "^2.4.0",
        "regenerator-runtime": "^0.11.0"
      }
    },
    "bindings": {
      "version": "1.2.1",
      "resolved": "http://registry.npmjs.org/bindings/-/bindings-1.2.1.tgz",
      "integrity": "sha1-FK1hE4EtLTfXLme0ystLtyZQXxE="
    },
    "core-js": {
      "version": "2.5.7",
      "resolved": "https://registry.npmjs.org/core-js/-/core-js-2.5.7.tgz",
      "integrity": "sha512-RszJCAxg/PP6uzXVXL6BsxSXx/B05oJAQ2vkJRjyjrEcNVycaqOmNb5OTxZPE3xa5gwZduqza6L9JOCenh/Ecw=="
    },
    "d": {
      "version": "1.0.0",
      "resolved": "http://registry.npmjs.org/d/-/d-1.0.0.tgz",
      "integrity": "sha1-dUu1v+VUUdpppYuU1F9MWwRi1Y8=",
      "requires": {
        "es5-ext": "^0.10.9"
      }
    },
    "debug": {
      "version": "2.6.9",
      "resolved": "https://registry.npmjs.org/debug/-/debug-2.6.9.tgz",
      "integrity": "sha512-bC7ElrdJaJnPbAP+1EotYvqZsb3ecl5wi6Bfi6BJTUcNowp6cvspg0jXznRTKDjm/E7AdgFBVeAPVMNcKGsHMA==",
      "requires": {
        "ms": "2.0.0"
      }
    },
    "encoding": {
      "version": "0.1.12",
      "resolved": "https://registry.npmjs.org/encoding/-/encoding-0.1.12.tgz",
      "integrity": "sha1-U4tm8+5izRq1HsMjgp0flIDHS+s=",
      "requires": {
        "iconv-lite": "~0.4.13"
      }
    },
    "es5-ext": {
      "version": "0.10.46",
      "resolved": "https://registry.npmjs.org/es5-ext/-/es5-ext-0.10.46.tgz",
      "integrity": "sha512-24XxRvJXNFwEMpJb3nOkiRJKRoupmjYmOPVlI65Qy2SrtxwOTB+g6ODjBKOtwEHbYrhWRty9xxOWLNdClT2djw==",
      "requires": {
        "es6-iterator": "~2.0.3",
        "es6-symbol": "~3.1.1",
        "next-tick": "1"
      }
    },
    "es6-iterator": {
      "version": "2.0.3",
      "resolved": "https://registry.npmjs.org/es6-iterator/-/es6-iterator-2.0.3.tgz",
      "integrity": "sha1-p96IkUGgWpSwhUQDstCg+/qY87c=",
      "requires": {
        "d": "1",
        "es5-ext": "^0.10.35",
        "es6-symbol": "^3.1.1"
      }
    },
    "es6-symbol": {
      "version": "3.1.1",
      "resolved": "https://registry.npmjs.org/es6-symbol/-/es6-symbol-3.1.1.tgz",
      "integrity": "sha1-vwDvT9q2uhtG7Le2KbTH7VcVzHc=",
      "requires": {
        "d": "1",
        "es5-ext": "~0.10.14"
      }
    },
    "extend-shallow": {
      "version": "2.0.1",
      "resolved": "https://registry.npmjs.org/extend-shallow/-/extend-shallow-2.0.1.tgz",
      "integrity": "sha1-Ua99YUrZqfYQ6huvu5idaxxWiQ8=",
      "requires": {
        "is-extendable": "^0.1.0"
      }
    },
    "ffi": {
      "version": "2.2.0",
      "resolved": "https://registry.npmjs.org/ffi/-/ffi-2.2.0.tgz",
      "integrity": "sha1-vxiwRmain3EiftVoldVDCvRwQvo=",
      "requires": {
        "bindings": "~1.2.0",
        "debug": "2",
        "nan": "2",
        "ref": "1",
        "ref-struct": "1"
      }
    },
    "iconv": {
      "version": "2.3.1",
      "resolved": "https://registry.npmjs.org/iconv/-/iconv-2.3.1.tgz",
      "integrity": "sha512-6gvRjd4frcMhTbWpdESntx1HGlvyezMjAH0HOmimelzfpDhUQhQ1DBoEeCabfmj0N0/0zJzr1E1P1O420Z+Bww==",
      "requires": {
        "nan": "^2.11.1",
        "safer-buffer": "^2.1.2"
      }
    },
    "iconv-lite": {
      "version": "0.4.24",
      "resolved": "https://registry.npmjs.org/iconv-lite/-/iconv-lite-0.4.24.tgz",
      "integrity": "sha512-v3MXnZAcvnywkTUEZomIActle7RXXeedOR31wwl7VlyoXO4Qi9arvSenNQWne1TcRwhCL1HwLI21bEqdpj8/rA==",
      "requires": {
        "safer-buffer": ">= 2.1.2 < 3"
      }
    },
    "is-extendable": {
      "version": "0.1.1",
      "resolved": "https://registry.npmjs.org/is-extendable/-/is-extendable-0.1.1.tgz",
      "integrity": "sha1-YrEQ4omkcUGOPsNqYX1HLjAd/Ik="
    },
    "is-stream": {
      "version": "1.1.0",
      "resolved": "https://registry.npmjs.org/is-stream/-/is-stream-1.1.0.tgz",
      "integrity": "sha1-EtSj3U5o4Lec6428hBc66A2RykQ="
    },
    "lodash": {
      "version": "4.17.5",
      "resolved": "https://registry.npmjs.org/lodash/-/lodash-4.17.5.tgz",
      "integrity": "sha512-svL3uiZf1RwhH+cWrfZn3A4+U58wbP0tGVTLQPbjplZxZ8ROD9VLuNgsRniTlLe7OlSqR79RUehXgpBW/s0IQw=="
    },
    "ms": {
      "version": "2.0.0",
      "resolved": "https://registry.npmjs.org/ms/-/ms-2.0.0.tgz",
      "integrity": "sha1-VgiurfwAvmwpAd9fmGF4jeDVl8g="
    },
    "nan": {
      "version": "2.11.1",
      "resolved": "https://registry.npmjs.org/nan/-/nan-2.11.1.tgz",
      "integrity": "sha512-iji6k87OSXa0CcrLl9z+ZiYSuR2o+c0bGuNmXdrhTQTakxytAFsC56SArGYoiHlJlFoHSnvmhpceZJaXkVuOtA=="
    },
    "next-tick": {
      "version": "1.0.0",
      "resolved": "http://registry.npmjs.org/next-tick/-/next-tick-1.0.0.tgz",
      "integrity": "sha1-yobR/ogoFpsBICCOPchCS524NCw="
    },
    "node-fetch": {
      "version": "1.7.3",
      "resolved": "https://registry.npmjs.org/node-fetch/-/node-fetch-1.7.3.tgz",
      "integrity": "sha512-NhZ4CsKx7cYm2vSrBAr2PvFOe6sWDf0UYLRqA6svUYg7+/TSfVAu49jYC4BvQ4Sms9SZgdqGBgroqfDhJdTyKQ==",
      "requires": {
        "encoding": "^0.1.11",
        "is-stream": "^1.0.1"
      }
    },
    "node-sdl2": {
      "version": "git+https://github.com/Captain-Chen/node-sdl2.git#c07975c4d6b43a65161ecc52d356dab20d41ed11",
      "from": "git+https://github.com/Captain-Chen/node-sdl2.git",
      "requires": {
        "extend-shallow": "^2.0.1",
        "ffi": "^2.0.0",
        "iconv": "^2.1.10",
        "node-sdl2-prebuilt": "0.0.2",
        "ref": "^1.0.2",
        "ref-array": "^1.1.1",
        "ref-struct": "^1.0.1",
        "ref-union": "^1.0.1",
        "ref-wchar": "^1.0.0"
      }
    },
    "node-sdl2-prebuilt": {
      "version": "0.0.2",
      "resolved": "https://registry.npmjs.org/node-sdl2-prebuilt/-/node-sdl2-prebuilt-0.0.2.tgz",
      "integrity": "sha1-Ywul445fBLCZeqGl+ot8cB6Ub0E="
    },
    "options": {
      "version": "0.0.6",
      "resolved": "https://registry.npmjs.org/options/-/options-0.0.6.tgz",
      "integrity": "sha1-7CLTEoBrtT5zF3Pnza788cZDEo8="
    },
    "ref": {
      "version": "1.3.5",
      "resolved": "https://registry.npmjs.org/ref/-/ref-1.3.5.tgz",
      "integrity": "sha512-2cBCniTtxcGUjDpvFfVpw323a83/0RLSGJJY5l5lcomZWhYpU2cuLdsvYqMixvsdLJ9+sTdzEkju8J8ZHDM2nA==",
      "requires": {
        "bindings": "1",
        "debug": "2",
        "nan": "2"
      }
    },
    "ref-array": {
      "version": "1.2.0",
      "resolved": "https://registry.npmjs.org/ref-array/-/ref-array-1.2.0.tgz",
      "integrity": "sha1-u6hwFS1O4KvtFCGwYjkvCwGEKQw=",
      "requires": {
        "array-index": "1",
        "debug": "2",
        "ref": "1"
      }
    },
    "ref-struct": {
      "version": "1.1.0",
      "resolved": "https://registry.npmjs.org/ref-struct/-/ref-struct-1.1.0.tgz",
      "integrity": "sha1-XV7mWtQc78Olxf60BYcmHkee3BM=",
      "requires": {
        "debug": "2",
        "ref": "1"
      }
    },
    "ref-union": {
      "version": "1.0.1",
      "resolved": "https://registry.npmjs.org/ref-union/-/ref-union-1.0.1.tgz",
      "integrity": "sha1-OiOX+GLx51Fx1ocmj0Oz8Xcp8SA=",
      "requires": {
        "debug": "2",
        "ref": "1"
      }
    },
    "ref-wchar": {
      "version": "1.0.2",
      "resolved": "https://registry.npmjs.org/ref-wchar/-/ref-wchar-1.0.2.tgz",
      "integrity": "sha1-pwmqsvRhrI895tPctNGElfjZPR4=",
      "requires": {
        "iconv": "2",
        "ref": "^1.3.1"
      }
    },
    "regenerator-runtime": {
      "version": "0.11.1",
      "resolved": "https://registry.npmjs.org/regenerator-runtime/-/regenerator-runtime-0.11.1.tgz",
      "integrity": "sha512-MguG95oij0fC3QV3URf4V2SDYGJhJnJGqvIIgdECeODCT98wSWDAJ94SSuVpYQUoTcGUIL6L4yNB7j1DFFHSBg=="
    },
    "safer-buffer": {
      "version": "2.1.2",
      "resolved": "https://registry.npmjs.org/safer-buffer/-/safer-buffer-2.1.2.tgz",
      "integrity": "sha512-YZo3K82SD7Riyi0E1EQPojLz7kpepnSQI9IyPbHHg1XXXevb5dJI7tpyN2ADxGcQbHG7vcyRHk0cbwqcQriUtg=="
    },
    "sdl2-ttf": {
      "version": "2.0.4",
      "resolved": "https://registry.npmjs.org/sdl2-ttf/-/sdl2-ttf-2.0.4.tgz",
      "integrity": "sha1-NWLcQHLjh0YP3Z/qBWIWfg5aXAo=",
      "requires": {
        "ffi": "^2.0.0",
        "ref-array": "^1.1.2",
        "ref-union": "^1.0.1"
      }
    },
    "twitch-js": {
      "version": "1.2.17",
      "resolved": "https://registry.npmjs.org/twitch-js/-/twitch-js-1.2.17.tgz",
      "integrity": "sha512-lfxSnc+2OVDOhfgG6EbW4ynBrVv9zLDfGrC005OugOl76wQO/6003A+fpNrVTaZK5swbsIi4GlGSNumGp/6ZAA==",
      "requires": {
        "@types/request": "^2.47.1",
        "@types/ws": "^5.1.2",
        "babel-runtime": "^6.26.0",
        "lodash": "4.17.5",
        "node-fetch": "^1.7.3",
        "validator": "9.4.1",
        "whatwg-fetch": "^2.0.3",
        "ws": "1.1.5"
      }
    },
    "ultron": {
      "version": "1.0.2",
      "resolved": "https://registry.npmjs.org/ultron/-/ultron-1.0.2.tgz",
      "integrity": "sha1-rOEWq1V80Zc4ak6I9GhTeMiy5Po="
    },
    "validator": {
      "version": "9.4.1",
      "resolved": "http://registry.npmjs.org/validator/-/validator-9.4.1.tgz",
      "integrity": "sha512-YV5KjzvRmSyJ1ee/Dm5UED0G+1L4GZnLN3w6/T+zZm8scVua4sOhYKWTUrKa0H/tMiJyO9QLHMPN+9mB/aMunA=="
    },
    "whatwg-fetch": {
      "version": "2.0.4",
      "resolved": "http://registry.npmjs.org/whatwg-fetch/-/whatwg-fetch-2.0.4.tgz",
      "integrity": "sha512-dcQ1GWpOD/eEQ97k66aiEVpNnapVj90/+R+SXTPYGHpYBBypfKJEQjLrvMZ7YXbKm21gXd4NcuxUTjiv1YtLng=="
    },
    "ws": {
      "version": "1.1.5",
      "resolved": "https://registry.npmjs.org/ws/-/ws-1.1.5.tgz",
      "integrity": "sha512-o3KqipXNUdS7wpQzBHSe180lBGO60SoK0yVo3CYJgb2MkobuWuBX6dhkYP5ORCLd55y+SaflMOV5fqAB53ux4w==",
      "requires": {
        "options": ">=0.0.5",
        "ultron": "1.0.x"
      }
    }
  }
}
